
Microsoft Visual Studio Solution File, Format Version 12.00
# Visual Studio 15
VisualStudioVersion = 15.0.28307.168
MinimumVisualStudioVersion = 10.0.40219.1
Project("{FAE04EC0-301F-11D3-BF4B-00C04F79EFBC}") = "HRP.Arbis", "HRP.Arbis\HRP.Arbis.csproj", "{B7AAC56B-505B-47CC-AC4F-949AEE126BC6}"
EndProject
Project("{FAE04EC0-301F-11D3-BF4B-00C04F79EFBC}") = "HRP.Arbis.DataAccessLayer", "HRP.Arbis.DataAccessLayer\HRP.Arbis.DataAccessLayer.csproj", "{618C68F1-A4AF-467E-B4A9-CA6D957EF03E}"
EndProject
Project("{FAE04EC0-301F-11D3-BF4B-00C04F79EFBC}") = "FarukSahin.MailService", "VS-MailService\FarukSahin.MailService\FarukSahin.MailService.csproj", "{E338EB3F-061E-4CCC-BB4E-77645AF8F34C}"
EndProject
Project("{FAE04EC0-301F-11D3-BF4B-00C04F79EFBC}") = "HRP.NotificationService", "HRP.NotificationService\HRP.NotificationService.csproj", "{44AD3E74-56F0-4234-9848-5ED4F90EE18E}"
EndProject
Global
	GlobalSection(SolutionConfigurationPlatforms) = preSolution
		Debug|Any CPU = Debug|Any CPU
		Release|Any CPU = Release|Any CPU
	EndGlobalSection
	GlobalSection(ProjectConfigurationPlatforms) = postSolution
		{B7AAC56B-505B-47CC-AC4F-949AEE126BC6}.Debug|Any CPU.ActiveCfg = Debug|Any CPU
		{B7AAC56B-505B-47CC-AC4F-949AEE126BC6}.Debug|Any CPU.Build.0 = Debug|Any CPU
		{B7AAC56B-505B-47CC-AC4F-949AEE126BC6}.Release|Any CPU.ActiveCfg = Release|Any CPU
		{B7AAC56B-505B-47CC-AC4F-949AEE126BC6}.Release|Any CPU.Build.0 = Release|Any CPU
		{618C68F1-A4AF-467E-B4A9-CA6D957EF03E}.Debug|Any CPU.ActiveCfg = Debug|Any CPU
		{618C68F1-A4AF-467E-B4A9-CA6D957EF03E}.Debug|Any CPU.Build.0 = Debug|Any CPU
		{618C68F1-A4AF-467E-B4A9-CA6D957EF03E}.Release|Any CPU.ActiveCfg = Release|Any CPU
		{618C68F1-A4AF-467E-B4A9-CA6D957EF03E}.Release|Any CPU.Build.0 = Release|Any CPU
		{E338EB3F-061E-4CCC-BB4E-77645AF8F34C}.Debug|Any CPU.ActiveCfg = Debug|Any CPU
		{E338EB3F-061E-4CCC-BB4E-77645AF8F34C}.Debug|Any CPU.Build.0 = Debug|Any CPU
		{E338EB3F-061E-4CCC-BB4E-77645AF8F34C}.Release|Any CPU.ActiveCfg = Release|Any CPU
		{E338EB3F-061E-4CCC-BB4E-77645AF8F34C}.Release|Any CPU.Build.0 = Release|Any CPU
		{44AD3E74-56F0-4234-9848-5ED4F90EE18E}.Debug|Any CPU.ActiveCfg = Debug|Any CPU
		{44AD3E74-56F0-4234-9848-5ED4F90EE18E}.Debug|Any CPU.Build.0 = Debug|Any CPU
		{44AD3E74-56F0-4234-9848-5ED4F90EE18E}.Release|Any CPU.ActiveCfg = Release|Any CPU
		{44AD3E74-56F0-4234-9848-5ED4F90EE18E}.Release|Any CPU.Build.0 = Release|Any CPU
	EndGlobalSection
	GlobalSection(SolutionProperties) = preSolution
		HideSolutionNode = FALSE
	EndGlobalSection
	GlobalSection(ExtensibilityGlobals) = postSolution
		SolutionGuid = {DC78C8AE-0055-4082-9977-61CA1F9D36E0}
	EndGlobalSection
EndGlobal
